
Microsoft Visual Studio Solution File, Format Version 12.00
# Visual Studio Express 2012 for Windows Desktop
Project("{FAE04EC0-301F-11D3-BF4B-00C04F79EFBC}") = "arie2", "arie2\arie2.csproj", "{84EBBF9B-9DD3-4F30-A2BA-8B19D18BAFCF}"
EndProject
Global
	GlobalSection(SolutionConfigurationPlatforms) = preSolution
		Debug|Any CPU = Debug|Any CPU
		Release|Any CPU = Release|Any CPU
	EndGlobalSection
	GlobalSection(ProjectConfigurationPlatforms) = postSolution
		{84EBBF9B-9DD3-4F30-A2BA-8B19D18BAFCF}.Debug|Any CPU.ActiveCfg = Debug|Any CPU
		{84EBBF9B-9DD3-4F30-A2BA-8B19D18BAFCF}.Debug|Any CPU.Build.0 = Debug|Any CPU
		{84EBBF9B-9DD3-4F30-A2BA-8B19D18BAFCF}.Release|Any CPU.ActiveCfg = Release|Any CPU
		{84EBBF9B-9DD3-4F30-A2BA-8B19D18BAFCF}.Release|Any CPU.Build.0 = Release|Any CPU
	EndGlobalSection
	GlobalSection(SolutionProperties) = preSolution
		HideSolutionNode = FALSE
	EndGlobalSection
EndGlobal
